# This file is automatically @generated by Cargo.
# It is not intended for manual editing.
version = 4

[[package]]
name = "sai2-cli"
version = "0.1.0"
dependencies = [
 "sai2-core",
 "sai2-png",
 "sai2-psd",
]

[[package]]
name = "sai2-core"
version = "0.1.0"

[[package]]
name = "sai2-png"
version = "0.1.0"

[[package]]
name = "sai2-psd"
version = "0.1.0"
dependencies = [
 "sai2-core",
]
